
Microsoft Visual Studio Solution File, Format Version 12.00
# Visual Studio 15
VisualStudioVersion = 15.0.28307.1401
MinimumVisualStudioVersion = 10.0.40219.1
Project("{FAE04EC0-301F-11D3-BF4B-00C04F79EFBC}") = "Ex1MDB", "Ex1MDB\Ex1MDB.csproj", "{3F7A383A-9651-4214-BCBF-9A511A82CA1B}"
EndProject
Global
	GlobalSection(SolutionConfigurationPlatforms) = preSolution
		Debug|Any CPU = Debug|Any CPU
		Release|Any CPU = Release|Any CPU
	EndGlobalSection
	GlobalSection(ProjectConfigurationPlatforms) = postSolution
		{3F7A383A-9651-4214-BCBF-9A511A82CA1B}.Debug|Any CPU.ActiveCfg = Debug|Any CPU
		{3F7A383A-9651-4214-BCBF-9A511A82CA1B}.Debug|Any CPU.Build.0 = Debug|Any CPU
		{3F7A383A-9651-4214-BCBF-9A511A82CA1B}.Release|Any CPU.ActiveCfg = Release|Any CPU
		{3F7A383A-9651-4214-BCBF-9A511A82CA1B}.Release|Any CPU.Build.0 = Release|Any CPU
	EndGlobalSection
	GlobalSection(SolutionProperties) = preSolution
		HideSolutionNode = FALSE
	EndGlobalSection
	GlobalSection(ExtensibilityGlobals) = postSolution
		SolutionGuid = {882FF65E-BDC8-41E7-87B7-9F5F244CF592}
	EndGlobalSection
EndGlobal
